<?xml version="1.0" encoding="utf-8"?>
<Project ToolsVersion="4.0" xmlns="http://schemas.microsoft.com/developer/msbuild/2003">
  <ItemGroup>
    <Filter Include="HazQh">
      <UniqueIdentifier>{01274D0D-6D3B-75BE-36BD-181EA29071EF}</UniqueIdentifier>
    </Filter>
    <Filter Include="HazQh\Events">
      <UniqueIdentifier>{C5C7D233-B12A-62D8-5AB0-9A8E46F22D5B}</UniqueIdentifier>
    </Filter>
    <Filter Include="HazQh\Imgui">
      <UniqueIdentifier>{0BA151F2-7756-CAE7-004B-C4BE6CFFC0EB}</UniqueIdentifier>
    </Filter>
    <Filter Include="HazQh\Platform">
      <UniqueIdentifier>{75D4C18F-61A2-B595-4A36-26BC36A391FA}</UniqueIdentifier>
    </Filter>
    <Filter Include="HazQh\Platform\OpenGL">
      <UniqueIdentifier>{09485E8D-75B4-1988-3EA8-B1E5AAD33BF0}</UniqueIdentifier>
    </Filter>
    <Filter Include="HazQh\Platform\Windows">
      <UniqueIdentifier>{AF234391-9B1D-6CE3-848A-02F47023D24F}</UniqueIdentifier>
    </Filter>
  </ItemGroup>
  <ItemGroup>
    <ClInclude Include="src\HazQh.h" />
    <ClInclude Include="src\HazQh\Applicaiton.h">
      <Filter>HazQh</Filter>
    </ClInclude>
    <ClInclude Include="src\HazQh\Core.h">
      <Filter>HazQh</Filter>
    </ClInclude>
    <ClInclude Include="src\HazQh\EntryPoint.h">
      <Filter>HazQh</Filter>
    </ClInclude>
    <ClInclude Include="src\HazQh\Events\ApplicationEvent.h">
      <Filter>HazQh\Events</Filter>
    </ClInclude>
    <ClInclude Include="src\HazQh\Events\Event.h">
      <Filter>HazQh\Events</Filter>
    </ClInclude>
    <ClInclude Include="src\HazQh\Events\KeyEvent.h">
      <Filter>HazQh\Events</Filter>
    </ClInclude>
    <ClInclude Include="src\HazQh\Events\MouseEvent.h">
      <Filter>HazQh\Events</Filter>
    </ClInclude>
    <ClInclude Include="src\HazQh\Imgui\ImguiLayer.h">
      <Filter>HazQh\Imgui</Filter>
    </ClInclude>
    <ClInclude Include="src\HazQh\Layer.h">
      <Filter>HazQh</Filter>
    </ClInclude>
    <ClInclude Include="src\HazQh\LayerStack.h">
      <Filter>HazQh</Filter>
    </ClInclude>
    <ClInclude Include="src\HazQh\Log.h">
      <Filter>HazQh</Filter>
    </ClInclude>
    <ClInclude Include="src\HazQh\Platform\OpenGL\imgui_impl_glfw.h">
      <Filter>HazQh\Platform\OpenGL</Filter>
    </ClInclude>
    <ClInclude Include="src\HazQh\Platform\OpenGL\imgui_impl_opengl3.h">
      <Filter>HazQh\Platform\OpenGL</Filter>
    </ClInclude>
    <ClInclude Include="src\HazQh\Platform\OpenGL\imgui_impl_opengl3_loader.h">
      <Filter>HazQh\Platform\OpenGL</Filter>
    </ClInclude>
    <ClInclude Include="src\HazQh\Platform\Windows\WindowsWindow.h">
      <Filter>HazQh\Platform\Windows</Filter>
    </ClInclude>
    <ClInclude Include="src\HazQh\Window.h">
      <Filter>HazQh</Filter>
    </ClInclude>
    <ClInclude Include="src\HzPch.h" />
  </ItemGroup>
  <ItemGroup>
    <ClCompile Include="src\HazQh\Applicaiton.cpp">
      <Filter>HazQh</Filter>
    </ClCompile>
    <ClCompile Include="src\HazQh\Imgui\ImguiLayer.cpp">
      <Filter>HazQh\Imgui</Filter>
    </ClCompile>
    <ClCompile Include="src\HazQh\Layer.cpp">
      <Filter>HazQh</Filter>
    </ClCompile>
    <ClCompile Include="src\HazQh\LayerStack.cpp">
      <Filter>HazQh</Filter>
    </ClCompile>
    <ClCompile Include="src\HazQh\Log.cpp">
      <Filter>HazQh</Filter>
    </ClCompile>
    <ClCompile Include="src\HazQh\Platform\OpenGL\imgui_impl_glfw.cpp">
      <Filter>HazQh\Platform\OpenGL</Filter>
    </ClCompile>
    <ClCompile Include="src\HazQh\Platform\OpenGL\imgui_impl_opengl3.cpp">
      <Filter>HazQh\Platform\OpenGL</Filter>
    </ClCompile>
    <ClCompile Include="src\HazQh\Platform\Windows\WindowsWindow.cpp">
      <Filter>HazQh\Platform\Windows</Filter>
    </ClCompile>
    <ClCompile Include="src\HzPch.cpp" />
  </ItemGroup>
</Project>